// !$*UTF8*$!
{
	archiveVersion = 1;
	classes = {
	};
	objectVersion = 56;
	objects = {

/* Begin PBXBuildFile section */
		D7A5383529B06C640055322F /* AppDelegate.swift in Sources */ = {isa = PBXBuildFile; fileRef = D7A5383429B06C640055322F /* AppDelegate.swift */; };
		D7A5383729B06C640055322F /* SceneDelegate.swift in Sources */ = {isa = PBXBuildFile; fileRef = D7A5383629B06C640055322F /* SceneDelegate.swift */; };
		D7A5383929B06C640055322F /* MainTabBarViewController.swift in Sources */ = {isa = PBXBuildFile; fileRef = D7A5383829B06C640055322F /* MainTabBarViewController.swift */; };
		D7A5383E29B06C640055322F /* Assets.xcassets in Resources */ = {isa = PBXBuildFile; fileRef = D7A5383D29B06C640055322F /* Assets.xcassets */; };
		D7A5384129B06C640055322F /* LaunchScreen.storyboard in Resources */ = {isa = PBXBuildFile; fileRef = D7A5383F29B06C640055322F /* LaunchScreen.storyboard */; };
		D7A5384A29B129FA0055322F /* HomeViewController.swift in Sources */ = {isa = PBXBuildFile; fileRef = D7A5384929B129FA0055322F /* HomeViewController.swift */; };
		D7A5384C29B12AB20055322F /* UpcomingViewController.swift in Sources */ = {isa = PBXBuildFile; fileRef = D7A5384B29B12AB20055322F /* UpcomingViewController.swift */; };
		D7A5384E29B12BAF0055322F /* SearchViewController.swift in Sources */ = {isa = PBXBuildFile; fileRef = D7A5384D29B12BAF0055322F /* SearchViewController.swift */; };
		D7A5385029B12BE70055322F /* DownloadsViewController.swift in Sources */ = {isa = PBXBuildFile; fileRef = D7A5384F29B12BE70055322F /* DownloadsViewController.swift */; };
		D7A5385729B186B00055322F /* CollectionViewTableViewCell.swift in Sources */ = {isa = PBXBuildFile; fileRef = D7A5385629B186B00055322F /* CollectionViewTableViewCell.swift */; };
		D7A5385929B2E38C0055322F /* HeroHeaderUIView.swift in Sources */ = {isa = PBXBuildFile; fileRef = D7A5385829B2E38C0055322F /* HeroHeaderUIView.swift */; };
		D7A5385B29B58EBE0055322F /* APICaller.swift in Sources */ = {isa = PBXBuildFile; fileRef = D7A5385A29B58EBE0055322F /* APICaller.swift */; };
		D7A5385D29B599F00055322F /* Title.swift in Sources */ = {isa = PBXBuildFile; fileRef = D7A5385C29B599F00055322F /* Title.swift */; };
		D7A5385F29B6C7E70055322F /* Extensions.swift in Sources */ = {isa = PBXBuildFile; fileRef = D7A5385E29B6C7E70055322F /* Extensions.swift */; };
		D7A5386329B75C660055322F /* TitleCollectionViewCell.swift in Sources */ = {isa = PBXBuildFile; fileRef = D7A5386229B75C660055322F /* TitleCollectionViewCell.swift */; };
		D7A5386629B75E850055322F /* SDWebImage in Frameworks */ = {isa = PBXBuildFile; productRef = D7A5386529B75E850055322F /* SDWebImage */; };
		D7A5386829B75E850055322F /* SDWebImageMapKit in Frameworks */ = {isa = PBXBuildFile; productRef = D7A5386729B75E850055322F /* SDWebImageMapKit */; };
		D7A5386A29B827A60055322F /* TitleTableViewCell.swift in Sources */ = {isa = PBXBuildFile; fileRef = D7A5386929B827A60055322F /* TitleTableViewCell.swift */; };
		D7A5386C29B82F990055322F /* TitleViewModel.swift in Sources */ = {isa = PBXBuildFile; fileRef = D7A5386B29B82F990055322F /* TitleViewModel.swift */; };
/* End PBXBuildFile section */

/* Begin PBXFileReference section */
		D7A5383129B06C640055322F /* NetflixClone.app */ = {isa = PBXFileReference; explicitFileType = wrapper.application; includeInIndex = 0; path = NetflixClone.app; sourceTree = BUILT_PRODUCTS_DIR; };
		D7A5383429B06C640055322F /* AppDelegate.swift */ = {isa = PBXFileReference; lastKnownFileType = sourcecode.swift; path = AppDelegate.swift; sourceTree = "<group>"; };
		D7A5383629B06C640055322F /* SceneDelegate.swift */ = {isa = PBXFileReference; lastKnownFileType = sourcecode.swift; path = SceneDelegate.swift; sourceTree = "<group>"; };
		D7A5383829B06C640055322F /* MainTabBarViewController.swift */ = {isa = PBXFileReference; lastKnownFileType = sourcecode.swift; path = MainTabBarViewController.swift; sourceTree = "<group>"; };
		D7A5383D29B06C640055322F /* Assets.xcassets */ = {isa = PBXFileReference; lastKnownFileType = folder.assetcatalog; path = Assets.xcassets; sourceTree = "<group>"; };
		D7A5384029B06C640055322F /* Base */ = {isa = PBXFileReference; lastKnownFileType = file.storyboard; name = Base; path = Base.lproj/LaunchScreen.storyboard; sourceTree = "<group>"; };
		D7A5384229B06C640055322F /* Info.plist */ = {isa = PBXFileReference; lastKnownFileType = text.plist.xml; path = Info.plist; sourceTree = "<group>"; };
		D7A5384929B129FA0055322F /* HomeViewController.swift */ = {isa = PBXFileReference; lastKnownFileType = sourcecode.swift; path = HomeViewController.swift; sourceTree = "<group>"; };
		D7A5384B29B12AB20055322F /* UpcomingViewController.swift */ = {isa = PBXFileReference; lastKnownFileType = sourcecode.swift; path = UpcomingViewController.swift; sourceTree = "<group>"; };
		D7A5384D29B12BAF0055322F /* SearchViewController.swift */ = {isa = PBXFileReference; lastKnownFileType = sourcecode.swift; path = SearchViewController.swift; sourceTree = "<group>"; };
		D7A5384F29B12BE70055322F /* DownloadsViewController.swift */ = {isa = PBXFileReference; lastKnownFileType = sourcecode.swift; path = DownloadsViewController.swift; sourceTree = "<group>"; };
		D7A5385629B186B00055322F /* CollectionViewTableViewCell.swift */ = {isa = PBXFileReference; lastKnownFileType = sourcecode.swift; path = CollectionViewTableViewCell.swift; sourceTree = "<group>"; };
		D7A5385829B2E38C0055322F /* HeroHeaderUIView.swift */ = {isa = PBXFileReference; lastKnownFileType = sourcecode.swift; path = HeroHeaderUIView.swift; sourceTree = "<group>"; };
		D7A5385A29B58EBE0055322F /* APICaller.swift */ = {isa = PBXFileReference; lastKnownFileType = sourcecode.swift; path = APICaller.swift; sourceTree = "<group>"; };
		D7A5385C29B599F00055322F /* Title.swift */ = {isa = PBXFileReference; lastKnownFileType = sourcecode.swift; path = Title.swift; sourceTree = "<group>"; };
		D7A5385E29B6C7E70055322F /* Extensions.swift */ = {isa = PBXFileReference; lastKnownFileType = sourcecode.swift; path = Extensions.swift; sourceTree = "<group>"; };
		D7A5386229B75C660055322F /* TitleCollectionViewCell.swift */ = {isa = PBXFileReference; lastKnownFileType = sourcecode.swift; path = TitleCollectionViewCell.swift; sourceTree = "<group>"; };
		D7A5386929B827A60055322F /* TitleTableViewCell.swift */ = {isa = PBXFileReference; lastKnownFileType = sourcecode.swift; path = TitleTableViewCell.swift; sourceTree = "<group>"; };
		D7A5386B29B82F990055322F /* TitleViewModel.swift */ = {isa = PBXFileReference; lastKnownFileType = sourcecode.swift; path = TitleViewModel.swift; sourceTree = "<group>"; };
/* End PBXFileReference section */

/* Begin PBXFrameworksBuildPhase section */
		D7A5382E29B06C640055322F /* Frameworks */ = {
			isa = PBXFrameworksBuildPhase;
			buildActionMask = 2147483647;
			files = (
				D7A5386829B75E850055322F /* SDWebImageMapKit in Frameworks */,
				D7A5386629B75E850055322F /* SDWebImage in Frameworks */,
			);
			runOnlyForDeploymentPostprocessing = 0;
		};
/* End PBXFrameworksBuildPhase section */

/* Begin PBXGroup section */
		D7A5382829B06C640055322F = {
			isa = PBXGroup;
			children = (
				D7A5383329B06C640055322F /* NetflixClone */,
				D7A5383229B06C640055322F /* Products */,
			);
			sourceTree = "<group>";
		};
		D7A5383229B06C640055322F /* Products */ = {
			isa = PBXGroup;
			children = (
				D7A5383129B06C640055322F /* NetflixClone.app */,
			);
			name = Products;
			sourceTree = "<group>";
		};
		D7A5383329B06C640055322F /* NetflixClone */ = {
			isa = PBXGroup;
			children = (
				D7A5385529B186630055322F /* Managers */,
				D7A5385429B186540055322F /* Resources */,
				D7A5385329B1861A0055322F /* Models */,
				D7A5385129B186000055322F /* Views */,
				D7A5385229B1860D0055322F /* ViewModels */,
				D7A5384829B1298E0055322F /* Controllers */,
				D7A5383429B06C640055322F /* AppDelegate.swift */,
				D7A5383629B06C640055322F /* SceneDelegate.swift */,
				D7A5383829B06C640055322F /* MainTabBarViewController.swift */,
				D7A5383D29B06C640055322F /* Assets.xcassets */,
				D7A5383F29B06C640055322F /* LaunchScreen.storyboard */,
				D7A5384229B06C640055322F /* Info.plist */,
			);
			path = NetflixClone;
			sourceTree = "<group>";
		};
		D7A5384829B1298E0055322F /* Controllers */ = {
			isa = PBXGroup;
			children = (
				D7A5384929B129FA0055322F /* HomeViewController.swift */,
				D7A5384B29B12AB20055322F /* UpcomingViewController.swift */,
				D7A5384D29B12BAF0055322F /* SearchViewController.swift */,
				D7A5384F29B12BE70055322F /* DownloadsViewController.swift */,
			);
			path = Controllers;
			sourceTree = "<group>";
		};
		D7A5385129B186000055322F /* Views */ = {
			isa = PBXGroup;
			children = (
				D7A5385629B186B00055322F /* CollectionViewTableViewCell.swift */,
				D7A5385829B2E38C0055322F /* HeroHeaderUIView.swift */,
				D7A5386229B75C660055322F /* TitleCollectionViewCell.swift */,
				D7A5386929B827A60055322F /* TitleTableViewCell.swift */,
			);
			path = Views;
			sourceTree = "<group>";
		};
		D7A5385229B1860D0055322F /* ViewModels */ = {
			isa = PBXGroup;
			children = (
				D7A5386B29B82F990055322F /* TitleViewModel.swift */,
			);
			path = ViewModels;
			sourceTree = "<group>";
		};
		D7A5385329B1861A0055322F /* Models */ = {
			isa = PBXGroup;
			children = (
				D7A5385C29B599F00055322F /* Title.swift */,
			);
			path = Models;
			sourceTree = "<group>";
		};
		D7A5385429B186540055322F /* Resources */ = {
			isa = PBXGroup;
			children = (
				D7A5385E29B6C7E70055322F /* Extensions.swift */,
			);
			path = Resources;
			sourceTree = "<group>";
		};
		D7A5385529B186630055322F /* Managers */ = {
			isa = PBXGroup;
			children = (
				D7A5385A29B58EBE0055322F /* APICaller.swift */,
			);
			path = Managers;
			sourceTree = "<group>";
		};
/* End PBXGroup section */

/* Begin PBXNativeTarget section */
		D7A5383029B06C640055322F /* NetflixClone */ = {
			isa = PBXNativeTarget;
			buildConfigurationList = D7A5384529B06C640055322F /* Build configuration list for PBXNativeTarget "NetflixClone" */;
			buildPhases = (
				D7A5382D29B06C640055322F /* Sources */,
				D7A5382E29B06C640055322F /* Frameworks */,
				D7A5382F29B06C640055322F /* Resources */,
			);
			buildRules = (
			);
			dependencies = (
			);
			name = NetflixClone;
			packageProductDependencies = (
				D7A5386529B75E850055322F /* SDWebImage */,
				D7A5386729B75E850055322F /* SDWebImageMapKit */,
			);
			productName = NetflixClone;
			productReference = D7A5383129B06C640055322F /* NetflixClone.app */;
			productType = "com.apple.product-type.application";
		};
/* End PBXNativeTarget section */

/* Begin PBXProject section */
		D7A5382929B06C640055322F /* Project object */ = {
			isa = PBXProject;
			attributes = {
				BuildIndependentTargetsInParallel = 1;
				LastSwiftUpdateCheck = 1420;
				LastUpgradeCheck = 1420;
				TargetAttributes = {
					D7A5383029B06C640055322F = {
						CreatedOnToolsVersion = 14.2;
					};
				};
			};
			buildConfigurationList = D7A5382C29B06C640055322F /* Build configuration list for PBXProject "NetflixClone" */;
			compatibilityVersion = "Xcode 14.0";
			developmentRegion = en;
			hasScannedForEncodings = 0;
			knownRegions = (
				en,
				Base,
			);
			mainGroup = D7A5382829B06C640055322F;
			packageReferences = (
				D7A5386429B75E850055322F /* XCRemoteSwiftPackageReference "SDWebImage" */,
			);
			productRefGroup = D7A5383229B06C640055322F /* Products */;
			projectDirPath = "";
			projectRoot = "";
			targets = (
				D7A5383029B06C640055322F /* NetflixClone */,
			);
		};
/* End PBXProject section */

/* Begin PBXResourcesBuildPhase section */
		D7A5382F29B06C640055322F /* Resources */ = {
			isa = PBXResourcesBuildPhase;
			buildActionMask = 2147483647;
			files = (
				D7A5384129B06C640055322F /* LaunchScreen.storyboard in Resources */,
				D7A5383E29B06C640055322F /* Assets.xcassets in Resources */,
			);
			runOnlyForDeploymentPostprocessing = 0;
		};
/* End PBXResourcesBuildPhase section */

/* Begin PBXSourcesBuildPhase section */
		D7A5382D29B06C640055322F /* Sources */ = {
			isa = PBXSourcesBuildPhase;
			buildActionMask = 2147483647;
			files = (
				D7A5386A29B827A60055322F /* TitleTableViewCell.swift in Sources */,
				D7A5384E29B12BAF0055322F /* SearchViewController.swift in Sources */,
				D7A5386329B75C660055322F /* TitleCollectionViewCell.swift in Sources */,
				D7A5383929B06C640055322F /* MainTabBarViewController.swift in Sources */,
				D7A5385729B186B00055322F /* CollectionViewTableViewCell.swift in Sources */,
				D7A5385B29B58EBE0055322F /* APICaller.swift in Sources */,
				D7A5385929B2E38C0055322F /* HeroHeaderUIView.swift in Sources */,
				D7A5385029B12BE70055322F /* DownloadsViewController.swift in Sources */,
				D7A5383529B06C640055322F /* AppDelegate.swift in Sources */,
				D7A5385F29B6C7E70055322F /* Extensions.swift in Sources */,
				D7A5383729B06C640055322F /* SceneDelegate.swift in Sources */,
				D7A5384C29B12AB20055322F /* UpcomingViewController.swift in Sources */,
				D7A5385D29B599F00055322F /* Title.swift in Sources */,
				D7A5384A29B129FA0055322F /* HomeViewController.swift in Sources */,
				D7A5386C29B82F990055322F /* TitleViewModel.swift in Sources */,
			);
			runOnlyForDeploymentPostprocessing = 0;
		};
/* End PBXSourcesBuildPhase section */

/* Begin PBXVariantGroup section */
		D7A5383F29B06C640055322F /* LaunchScreen.storyboard */ = {
			isa = PBXVariantGroup;
			children = (
				D7A5384029B06C640055322F /* Base */,
			);
			name = LaunchScreen.storyboard;
			sourceTree = "<group>";
		};
/* End PBXVariantGroup section */

/* Begin XCBuildConfiguration section */
		D7A5384329B06C640055322F /* Debug */ = {
			isa = XCBuildConfiguration;
			buildSettings = {
				ALWAYS_SEARCH_USER_PATHS = NO;
				CLANG_ANALYZER_NONNULL = YES;
				CLANG_ANALYZER_NUMBER_OBJECT_CONVERSION = YES_AGGRESSIVE;
				CLANG_CXX_LANGUAGE_STANDARD = "gnu++20";
				CLANG_ENABLE_MODULES = YES;
				CLANG_ENABLE_OBJC_ARC = YES;
				CLANG_ENABLE_OBJC_WEAK = YES;
				CLANG_WARN_BLOCK_CAPTURE_AUTORELEASING = YES;
				CLANG_WARN_BOOL_CONVERSION = YES;
				CLANG_WARN_COMMA = YES;
				CLANG_WARN_CONSTANT_CONVERSION = YES;
				CLANG_WARN_DEPRECATED_OBJC_IMPLEMENTATIONS = YES;
				CLANG_WARN_DIRECT_OBJC_ISA_USAGE = YES_ERROR;
				CLANG_WARN_DOCUMENTATION_COMMENTS = YES;
				CLANG_WARN_EMPTY_BODY = YES;
				CLANG_WARN_ENUM_CONVERSION = YES;
				CLANG_WARN_INFINITE_RECURSION = YES;
				CLANG_WARN_INT_CONVERSION = YES;
				CLANG_WARN_NON_LITERAL_NULL_CONVERSION = YES;
				CLANG_WARN_OBJC_IMPLICIT_RETAIN_SELF = YES;
				CLANG_WARN_OBJC_LITERAL_CONVERSION = YES;
				CLANG_WARN_OBJC_ROOT_CLASS = YES_ERROR;
				CLANG_WARN_QUOTED_INCLUDE_IN_FRAMEWORK_HEADER = YES;
				CLANG_WARN_RANGE_LOOP_ANALYSIS = YES;
				CLANG_WARN_STRICT_PROTOTYPES = YES;
				CLANG_WARN_SUSPICIOUS_MOVE = YES;
				CLANG_WARN_UNGUARDED_AVAILABILITY = YES_AGGRESSIVE;
				CLANG_WARN_UNREACHABLE_CODE = YES;
				CLANG_WARN__DUPLICATE_METHOD_MATCH = YES;
				COPY_PHASE_STRIP = NO;
				DEBUG_INFORMATION_FORMAT = dwarf;
				ENABLE_STRICT_OBJC_MSGSEND = YES;
				ENABLE_TESTABILITY = YES;
				GCC_C_LANGUAGE_STANDARD = gnu11;
				GCC_DYNAMIC_NO_PIC = NO;
				GCC_NO_COMMON_BLOCKS = YES;
				GCC_OPTIMIZATION_LEVEL = 0;
				GCC_PREPROCESSOR_DEFINITIONS = (
					"DEBUG=1",
					"$(inherited)",
				);
				GCC_WARN_64_TO_32_BIT_CONVERSION = YES;
				GCC_WARN_ABOUT_RETURN_TYPE = YES_ERROR;
				GCC_WARN_UNDECLARED_SELECTOR = YES;
				GCC_WARN_UNINITIALIZED_AUTOS = YES_AGGRESSIVE;
				GCC_WARN_UNUSED_FUNCTION = YES;
				GCC_WARN_UNUSED_VARIABLE = YES;
				IPHONEOS_DEPLOYMENT_TARGET = 16.2;
				MTL_ENABLE_DEBUG_INFO = INCLUDE_SOURCE;
				MTL_FAST_MATH = YES;
				ONLY_ACTIVE_ARCH = YES;
				SDKROOT = iphoneos;
				SWIFT_ACTIVE_COMPILATION_CONDITIONS = DEBUG;
				SWIFT_OPTIMIZATION_LEVEL = "-Onone";
			};
			name = Debug;
		};
		D7A5384429B06C640055322F /* Release */ = {
			isa = XCBuildConfiguration;
			buildSettings = {
				ALWAYS_SEARCH_USER_PATHS = NO;
				CLANG_ANALYZER_NONNULL = YES;
				CLANG_ANALYZER_NUMBER_OBJECT_CONVERSION = YES_AGGRESSIVE;
				CLANG_CXX_LANGUAGE_STANDARD = "gnu++20";
				CLANG_ENABLE_MODULES = YES;
				CLANG_ENABLE_OBJC_ARC = YES;
				CLANG_ENABLE_OBJC_WEAK = YES;
				CLANG_WARN_BLOCK_CAPTURE_AUTORELEASING = YES;
				CLANG_WARN_BOOL_CONVERSION = YES;
				CLANG_WARN_COMMA = YES;
				CLANG_WARN_CONSTANT_CONVERSION = YES;
				CLANG_WARN_DEPRECATED_OBJC_IMPLEMENTATIONS = YES;
				CLANG_WARN_DIRECT_OBJC_ISA_USAGE = YES_ERROR;
				CLANG_WARN_DOCUMENTATION_COMMENTS = YES;
				CLANG_WARN_EMPTY_BODY = YES;
				CLANG_WARN_ENUM_CONVERSION = YES;
				CLANG_WARN_INFINITE_RECURSION = YES;
				CLANG_WARN_INT_CONVERSION = YES;
				CLANG_WARN_NON_LITERAL_NULL_CONVERSION = YES;
				CLANG_WARN_OBJC_IMPLICIT_RETAIN_SELF = YES;
				CLANG_WARN_OBJC_LITERAL_CONVERSION = YES;
				CLANG_WARN_OBJC_ROOT_CLASS = YES_ERROR;
				CLANG_WARN_QUOTED_INCLUDE_IN_FRAMEWORK_HEADER = YES;
				CLANG_WARN_RANGE_LOOP_ANALYSIS = YES;
				CLANG_WARN_STRICT_PROTOTYPES = YES;
				CLANG_WARN_SUSPICIOUS_MOVE = YES;
				CLANG_WARN_UNGUARDED_AVAILABILITY = YES_AGGRESSIVE;
				CLANG_WARN_UNREACHABLE_CODE = YES;
				CLANG_WARN__DUPLICATE_METHOD_MATCH = YES;
				COPY_PHASE_STRIP = NO;
				DEBUG_INFORMATION_FORMAT = "dwarf-with-dsym";
				ENABLE_NS_ASSERTIONS = NO;
				ENABLE_STRICT_OBJC_MSGSEND = YES;
				GCC_C_LANGUAGE_STANDARD = gnu11;
				GCC_NO_COMMON_BLOCKS = YES;
				GCC_WARN_64_TO_32_BIT_CONVERSION = YES;
				GCC_WARN_ABOUT_RETURN_TYPE = YES_ERROR;
				GCC_WARN_UNDECLARED_SELECTOR = YES;
				GCC_WARN_UNINITIALIZED_AUTOS = YES_AGGRESSIVE;
				GCC_WARN_UNUSED_FUNCTION = YES;
				GCC_WARN_UNUSED_VARIABLE = YES;
				IPHONEOS_DEPLOYMENT_TARGET = 16.2;
				MTL_ENABLE_DEBUG_INFO = NO;
				MTL_FAST_MATH = YES;
				SDKROOT = iphoneos;
				SWIFT_COMPILATION_MODE = wholemodule;
				SWIFT_OPTIMIZATION_LEVEL = "-O";
				VALIDATE_PRODUCT = YES;
			};
			name = Release;
		};
		D7A5384629B06C640055322F /* Debug */ = {
			isa = XCBuildConfiguration;
			buildSettings = {
				ASSETCATALOG_COMPILER_APPICON_NAME = AppIcon;
				ASSETCATALOG_COMPILER_GLOBAL_ACCENT_COLOR_NAME = AccentColor;
				CODE_SIGN_STYLE = Automatic;
				CURRENT_PROJECT_VERSION = 1;
				DEVELOPMENT_TEAM = VLWGCM7W8K;
				GENERATE_INFOPLIST_FILE = YES;
				INFOPLIST_FILE = NetflixClone/Info.plist;
				INFOPLIST_KEY_UIApplicationSupportsIndirectInputEvents = YES;
				INFOPLIST_KEY_UILaunchStoryboardName = LaunchScreen;
				INFOPLIST_KEY_UISupportedInterfaceOrientations_iPad = "UIInterfaceOrientationPortrait UIInterfaceOrientationPortraitUpsideDown UIInterfaceOrientationLandscapeLeft UIInterfaceOrientationLandscapeRight";
				INFOPLIST_KEY_UISupportedInterfaceOrientations_iPhone = "UIInterfaceOrientationPortrait UIInterfaceOrientationLandscapeLeft UIInterfaceOrientationLandscapeRight";
				LD_RUNPATH_SEARCH_PATHS = (
					"$(inherited)",
					"@executable_path/Frameworks",
				);
				MARKETING_VERSION = 1.0;
				PRODUCT_BUNDLE_IDENTIFIER = com.ykwsolutions.NetflixClone;
				PRODUCT_NAME = "$(TARGET_NAME)";
				SWIFT_EMIT_LOC_STRINGS = YES;
				SWIFT_VERSION = 5.0;
				TARGETED_DEVICE_FAMILY = "1,2";
			};
			name = Debug;
		};
		D7A5384729B06C640055322F /* Release */ = {
			isa = XCBuildConfiguration;
			buildSettings = {
				ASSETCATALOG_COMPILER_APPICON_NAME = AppIcon;
				ASSETCATALOG_COMPILER_GLOBAL_ACCENT_COLOR_NAME = AccentColor;
				CODE_SIGN_STYLE = Automatic;
				CURRENT_PROJECT_VERSION = 1;
				DEVELOPMENT_TEAM = VLWGCM7W8K;
				GENERATE_INFOPLIST_FILE = YES;
				INFOPLIST_FILE = NetflixClone/Info.plist;
				INFOPLIST_KEY_UIApplicationSupportsIndirectInputEvents = YES;
				INFOPLIST_KEY_UILaunchStoryboardName = LaunchScreen;
				INFOPLIST_KEY_UISupportedInterfaceOrientations_iPad = "UIInterfaceOrientationPortrait UIInterfaceOrientationPortraitUpsideDown UIInterfaceOrientationLandscapeLeft UIInterfaceOrientationLandscapeRight";
				INFOPLIST_KEY_UISupportedInterfaceOrientations_iPhone = "UIInterfaceOrientationPortrait UIInterfaceOrientationLandscapeLeft UIInterfaceOrientationLandscapeRight";
				LD_RUNPATH_SEARCH_PATHS = (
					"$(inherited)",
					"@executable_path/Frameworks",
				);
				MARKETING_VERSION = 1.0;
				PRODUCT_BUNDLE_IDENTIFIER = com.ykwsolutions.NetflixClone;
				PRODUCT_NAME = "$(TARGET_NAME)";
				SWIFT_EMIT_LOC_STRINGS = YES;
				SWIFT_VERSION = 5.0;
				TARGETED_DEVICE_FAMILY = "1,2";
			};
			name = Release;
		};
/* End XCBuildConfiguration section */

/* Begin XCConfigurationList section */
		D7A5382C29B06C640055322F /* Build configuration list for PBXProject "NetflixClone" */ = {
			isa = XCConfigurationList;
			buildConfigurations = (
				D7A5384329B06C640055322F /* Debug */,
				D7A5384429B06C640055322F /* Release */,
			);
			defaultConfigurationIsVisible = 0;
			defaultConfigurationName = Release;
		};
		D7A5384529B06C640055322F /* Build configuration list for PBXNativeTarget "NetflixClone" */ = {
			isa = XCConfigurationList;
			buildConfigurations = (
				D7A5384629B06C640055322F /* Debug */,
				D7A5384729B06C640055322F /* Release */,
			);
			defaultConfigurationIsVisible = 0;
			defaultConfigurationName = Release;
		};
/* End XCConfigurationList section */

/* Begin XCRemoteSwiftPackageReference section */
		D7A5386429B75E850055322F /* XCRemoteSwiftPackageReference "SDWebImage" */ = {
			isa = XCRemoteSwiftPackageReference;
			repositoryURL = "https://github.com/SDWebImage/SDWebImage.git";
			requirement = {
				branch = master;
				kind = branch;
			};
		};
/* End XCRemoteSwiftPackageReference section */

/* Begin XCSwiftPackageProductDependency section */
		D7A5386529B75E850055322F /* SDWebImage */ = {
			isa = XCSwiftPackageProductDependency;
			package = D7A5386429B75E850055322F /* XCRemoteSwiftPackageReference "SDWebImage" */;
			productName = SDWebImage;
		};
		D7A5386729B75E850055322F /* SDWebImageMapKit */ = {
			isa = XCSwiftPackageProductDependency;
			package = D7A5386429B75E850055322F /* XCRemoteSwiftPackageReference "SDWebImage" */;
			productName = SDWebImageMapKit;
		};
/* End XCSwiftPackageProductDependency section */
	};
	rootObject = D7A5382929B06C640055322F /* Project object */;
}
